<?xml version="1.0" encoding="UTF-8" standalone="yes" ?>
<CodeBlocks_project_file>
	<FileVersion major="1" minor="6" />
	<Project>
		<Option title="ushush" />
		<Option pch_mode="2" />
		<Option compiler="gcc" />
		<Build>
			<Target title="Debug">
				<Option output="bin/Debug/ushush" prefix_auto="1" extension_auto="1" />
				<Option object_output="obj/Debug/" />
				<Option type="1" />
				<Option compiler="gcc" />
				<Compiler>
					<Add option="-g" />
				</Compiler>
				<Linker>
					<Add library="compilo_d_SFML/SFML-2.5.1/lib/libsfml-graphics-d.a" />
					<Add library="compilo_d_SFML/SFML-2.5.1/lib/libsfml-window-d.a" />
					<Add library="compilo_d_SFML/SFML-2.5.1/lib/libsfml-system-d.a" />
				</Linker>
			</Target>
			<Target title="Release">
				<Option output="bin/Release/ushush" prefix_auto="1" extension_auto="1" />
				<Option object_output="obj/Release/" />
				<Option type="1" />
				<Option compiler="gcc" />
				<Compiler>
					<Add option="-O2" />
				</Compiler>
				<Linker>
					<Add option="-s" />
					<Add library="compilo_d_SFML/SFML-2.5.1/lib/libsfml-graphics.a" />
					<Add library="compilo_d_SFML/SFML-2.5.1/lib/libsfml-window.a" />
					<Add library="compilo_d_SFML/SFML-2.5.1/lib/libsfml-system.a" />
				</Linker>
			</Target>
		</Build>
		<Compiler>
			<Add option="-Wall" />
			<Add directory="compilo_d_SFML/SFML-2.5.1/include" />
		</Compiler>
		<Linker>
			<Add directory="compilo_d_SFML/SFML-2.5.1/lib" />
		</Linker>
		<Unit filename="class/Random.cpp" />
		<Unit filename="class/Random.hpp" />
		<Unit filename="main.cpp" />
		<Unit filename="shout/ground.cpp" />
		<Unit filename="shout/ground.hpp" />
		<Unit filename="shout/mapping.cpp" />
		<Unit filename="shout/mapping.hpp" />
		<Unit filename="shout/perso.cpp" />
		<Unit filename="shout/perso.hpp" />
		<Unit filename="shout/shout.cpp" />
		<Unit filename="shout/shout.hpp" />
		<Unit filename="shout/skill.cpp" />
		<Unit filename="shout/skill.hpp" />
		<Extensions>
			<code_completion />
			<debugger />
			<envvars />
		</Extensions>
	</Project>
</CodeBlocks_project_file>
